// !$*UTF8*$!
{
	archiveVersion = 1;
	classes = {
	};
	objectVersion = 46;
	objects = {

/* Begin PBXBuildFile section */
		B6391B771A544C9C00B2DB46 /* main.m in Sources */ = {isa = PBXBuildFile; fileRef = B6391B761A544C9C00B2DB46 /* main.m */; };
		B6391B7A1A544C9C00B2DB46 /* AppDelegate.m in Sources */ = {isa = PBXBuildFile; fileRef = B6391B791A544C9C00B2DB46 /* AppDelegate.m */; };
		B6391B7D1A544C9C00B2DB46 /* ViewController.m in Sources */ = {isa = PBXBuildFile; fileRef = B6391B7C1A544C9C00B2DB46 /* ViewController.m */; };
		B6391B801A544C9C00B2DB46 /* Main.storyboard in Resources */ = {isa = PBXBuildFile; fileRef = B6391B7E1A544C9C00B2DB46 /* Main.storyboard */; };
		B6391B821A544C9C00B2DB46 /* Images.xcassets in Resources */ = {isa = PBXBuildFile; fileRef = B6391B811A544C9C00B2DB46 /* Images.xcassets */; };
		B6391B851A544C9C00B2DB46 /* LaunchScreen.xib in Resources */ = {isa = PBXBuildFile; fileRef = B6391B831A544C9C00B2DB46 /* LaunchScreen.xib */; };
		B6391B911A544C9C00B2DB46 /* arcgis_ios_runtime_api_testTests.m in Sources */ = {isa = PBXBuildFile; fileRef = B6391B901A544C9C00B2DB46 /* arcgis_ios_runtime_api_testTests.m */; };
		B6391B9B1A54509D00B2DB46 /* ArcGIS.bundle in Resources */ = {isa = PBXBuildFile; fileRef = B6391B9A1A54509D00B2DB46 /* ArcGIS.bundle */; };
/* End PBXBuildFile section */

/* Begin PBXContainerItemProxy section */
		B6391B8B1A544C9C00B2DB46 /* PBXContainerItemProxy */ = {
			isa = PBXContainerItemProxy;
			containerPortal = B6391B691A544C9B00B2DB46 /* Project object */;
			proxyType = 1;
			remoteGlobalIDString = B6391B701A544C9C00B2DB46;
			remoteInfo = "arcgis-ios-runtime-api-test";
		};
/* End PBXContainerItemProxy section */

/* Begin PBXFileReference section */
		B6391B711A544C9C00B2DB46 /* arcgis-ios-runtime-api-test.app */ = {isa = PBXFileReference; explicitFileType = wrapper.application; includeInIndex = 0; path = "arcgis-ios-runtime-api-test.app"; sourceTree = BUILT_PRODUCTS_DIR; };
		B6391B751A544C9C00B2DB46 /* Info.plist */ = {isa = PBXFileReference; lastKnownFileType = text.plist.xml; path = Info.plist; sourceTree = "<group>"; };
		B6391B761A544C9C00B2DB46 /* main.m */ = {isa = PBXFileReference; lastKnownFileType = sourcecode.c.objc; path = main.m; sourceTree = "<group>"; };
		B6391B781A544C9C00B2DB46 /* AppDelegate.h */ = {isa = PBXFileReference; lastKnownFileType = sourcecode.c.h; path = AppDelegate.h; sourceTree = "<group>"; };
		B6391B791A544C9C00B2DB46 /* AppDelegate.m */ = {isa = PBXFileReference; lastKnownFileType = sourcecode.c.objc; path = AppDelegate.m; sourceTree = "<group>"; };
		B6391B7B1A544C9C00B2DB46 /* ViewController.h */ = {isa = PBXFileReference; lastKnownFileType = sourcecode.c.h; path = ViewController.h; sourceTree = "<group>"; };
		B6391B7C1A544C9C00B2DB46 /* ViewController.m */ = {isa = PBXFileReference; lastKnownFileType = sourcecode.c.objc; path = ViewController.m; sourceTree = "<group>"; };
		B6391B7F1A544C9C00B2DB46 /* Base */ = {isa = PBXFileReference; lastKnownFileType = file.storyboard; name = Base; path = Base.lproj/Main.storyboard; sourceTree = "<group>"; };
		B6391B811A544C9C00B2DB46 /* Images.xcassets */ = {isa = PBXFileReference; lastKnownFileType = folder.assetcatalog; path = Images.xcassets; sourceTree = "<group>"; };
		B6391B841A544C9C00B2DB46 /* Base */ = {isa = PBXFileReference; lastKnownFileType = file.xib; name = Base; path = Base.lproj/LaunchScreen.xib; sourceTree = "<group>"; };
		B6391B8A1A544C9C00B2DB46 /* arcgis-ios-runtime-api-testTests.xctest */ = {isa = PBXFileReference; explicitFileType = wrapper.cfbundle; includeInIndex = 0; path = "arcgis-ios-runtime-api-testTests.xctest"; sourceTree = BUILT_PRODUCTS_DIR; };
		B6391B8F1A544C9C00B2DB46 /* Info.plist */ = {isa = PBXFileReference; lastKnownFileType = text.plist.xml; path = Info.plist; sourceTree = "<group>"; };
		B6391B901A544C9C00B2DB46 /* arcgis_ios_runtime_api_testTests.m */ = {isa = PBXFileReference; lastKnownFileType = sourcecode.c.objc; path = arcgis_ios_runtime_api_testTests.m; sourceTree = "<group>"; };
		B6391B9A1A54509D00B2DB46 /* ArcGIS.bundle */ = {isa = PBXFileReference; lastKnownFileType = "wrapper.plug-in"; name = ArcGIS.bundle; path = ../ArcGIS.bundle; sourceTree = "<group>"; };
/* End PBXFileReference section */

/* Begin PBXFrameworksBuildPhase section */
		B6391B6E1A544C9C00B2DB46 /* Frameworks */ = {
			isa = PBXFrameworksBuildPhase;
			buildActionMask = 2147483647;
			files = (
			);
			runOnlyForDeploymentPostprocessing = 0;
		};
		B6391B871A544C9C00B2DB46 /* Frameworks */ = {
			isa = PBXFrameworksBuildPhase;
			buildActionMask = 2147483647;
			files = (
			);
			runOnlyForDeploymentPostprocessing = 0;
		};
/* End PBXFrameworksBuildPhase section */

/* Begin PBXGroup section */
		B6391B681A544C9B00B2DB46 = {
			isa = PBXGroup;
			children = (
				B6391B731A544C9C00B2DB46 /* arcgis-ios-runtime-api-test */,
				B6391B8D1A544C9C00B2DB46 /* arcgis-ios-runtime-api-testTests */,
				B6391B721A544C9C00B2DB46 /* Products */,
			);
			sourceTree = "<group>";
		};
		B6391B721A544C9C00B2DB46 /* Products */ = {
			isa = PBXGroup;
			children = (
				B6391B711A544C9C00B2DB46 /* arcgis-ios-runtime-api-test.app */,
				B6391B8A1A544C9C00B2DB46 /* arcgis-ios-runtime-api-testTests.xctest */,
			);
			name = Products;
			sourceTree = "<group>";
		};
		B6391B731A544C9C00B2DB46 /* arcgis-ios-runtime-api-test */ = {
			isa = PBXGroup;
			children = (
				B6391B781A544C9C00B2DB46 /* AppDelegate.h */,
				B6391B791A544C9C00B2DB46 /* AppDelegate.m */,
				B6391B7B1A544C9C00B2DB46 /* ViewController.h */,
				B6391B7C1A544C9C00B2DB46 /* ViewController.m */,
				B6391B7E1A544C9C00B2DB46 /* Main.storyboard */,
				B6391B811A544C9C00B2DB46 /* Images.xcassets */,
				B6391B831A544C9C00B2DB46 /* LaunchScreen.xib */,
				B6391B741A544C9C00B2DB46 /* Supporting Files */,
			);
			path = "arcgis-ios-runtime-api-test";
			sourceTree = "<group>";
		};
		B6391B741A544C9C00B2DB46 /* Supporting Files */ = {
			isa = PBXGroup;
			children = (
				B6391B9A1A54509D00B2DB46 /* ArcGIS.bundle */,
				B6391B751A544C9C00B2DB46 /* Info.plist */,
				B6391B761A544C9C00B2DB46 /* main.m */,
			);
			name = "Supporting Files";
			sourceTree = "<group>";
		};
		B6391B8D1A544C9C00B2DB46 /* arcgis-ios-runtime-api-testTests */ = {
			isa = PBXGroup;
			children = (
				B6391B901A544C9C00B2DB46 /* arcgis_ios_runtime_api_testTests.m */,
				B6391B8E1A544C9C00B2DB46 /* Supporting Files */,
			);
			path = "arcgis-ios-runtime-api-testTests";
			sourceTree = "<group>";
		};
		B6391B8E1A544C9C00B2DB46 /* Supporting Files */ = {
			isa = PBXGroup;
			children = (
				B6391B8F1A544C9C00B2DB46 /* Info.plist */,
			);
			name = "Supporting Files";
			sourceTree = "<group>";
		};
/* End PBXGroup section */

/* Begin PBXNativeTarget section */
		B6391B701A544C9C00B2DB46 /* arcgis-ios-runtime-api-test */ = {
			isa = PBXNativeTarget;
			buildConfigurationList = B6391B941A544C9C00B2DB46 /* Build configuration list for PBXNativeTarget "arcgis-ios-runtime-api-test" */;
			buildPhases = (
				B6391B6D1A544C9C00B2DB46 /* Sources */,
				B6391B6E1A544C9C00B2DB46 /* Frameworks */,
				B6391B6F1A544C9C00B2DB46 /* Resources */,
			);
			buildRules = (
			);
			dependencies = (
			);
			name = "arcgis-ios-runtime-api-test";
			productName = "arcgis-ios-runtime-api-test";
			productReference = B6391B711A544C9C00B2DB46 /* arcgis-ios-runtime-api-test.app */;
			productType = "com.apple.product-type.application";
		};
		B6391B891A544C9C00B2DB46 /* arcgis-ios-runtime-api-testTests */ = {
			isa = PBXNativeTarget;
			buildConfigurationList = B6391B971A544C9C00B2DB46 /* Build configuration list for PBXNativeTarget "arcgis-ios-runtime-api-testTests" */;
			buildPhases = (
				B6391B861A544C9C00B2DB46 /* Sources */,
				B6391B871A544C9C00B2DB46 /* Frameworks */,
				B6391B881A544C9C00B2DB46 /* Resources */,
			);
			buildRules = (
			);
			dependencies = (
				B6391B8C1A544C9C00B2DB46 /* PBXTargetDependency */,
			);
			name = "arcgis-ios-runtime-api-testTests";
			productName = "arcgis-ios-runtime-api-testTests";
			productReference = B6391B8A1A544C9C00B2DB46 /* arcgis-ios-runtime-api-testTests.xctest */;
			productType = "com.apple.product-type.bundle.unit-test";
		};
/* End PBXNativeTarget section */

/* Begin PBXProject section */
		B6391B691A544C9B00B2DB46 /* Project object */ = {
			isa = PBXProject;
			attributes = {
				LastUpgradeCheck = 0610;
				ORGANIZATIONNAME = "Friday Fan";
				TargetAttributes = {
					B6391B701A544C9C00B2DB46 = {
						CreatedOnToolsVersion = 6.1.1;
					};
					B6391B891A544C9C00B2DB46 = {
						CreatedOnToolsVersion = 6.1.1;
						TestTargetID = B6391B701A544C9C00B2DB46;
					};
				};
			};
			buildConfigurationList = B6391B6C1A544C9B00B2DB46 /* Build configuration list for PBXProject "arcgis-ios-runtime-api-test" */;
			compatibilityVersion = "Xcode 3.2";
			developmentRegion = English;
			hasScannedForEncodings = 0;
			knownRegions = (
				en,
				Base,
			);
			mainGroup = B6391B681A544C9B00B2DB46;
			productRefGroup = B6391B721A544C9C00B2DB46 /* Products */;
			projectDirPath = "";
			projectRoot = "";
			targets = (
				B6391B701A544C9C00B2DB46 /* arcgis-ios-runtime-api-test */,
				B6391B891A544C9C00B2DB46 /* arcgis-ios-runtime-api-testTests */,
			);
		};
/* End PBXProject section */

/* Begin PBXResourcesBuildPhase section */
		B6391B6F1A544C9C00B2DB46 /* Resources */ = {
			isa = PBXResourcesBuildPhase;
			buildActionMask = 2147483647;
			files = (
				B6391B801A544C9C00B2DB46 /* Main.storyboard in Resources */,
				B6391B851A544C9C00B2DB46 /* LaunchScreen.xib in Resources */,
				B6391B9B1A54509D00B2DB46 /* ArcGIS.bundle in Resources */,
				B6391B821A544C9C00B2DB46 /* Images.xcassets in Resources */,
			);
			runOnlyForDeploymentPostprocessing = 0;
		};
		B6391B881A544C9C00B2DB46 /* Resources */ = {
			isa = PBXResourcesBuildPhase;
			buildActionMask = 2147483647;
			files = (
			);
			runOnlyForDeploymentPostprocessing = 0;
		};
/* End PBXResourcesBuildPhase section */

/* Begin PBXSourcesBuildPhase section */
		B6391B6D1A544C9C00B2DB46 /* Sources */ = {
			isa = PBXSourcesBuildPhase;
			buildActionMask = 2147483647;
			files = (
				B6391B7D1A544C9C00B2DB46 /* ViewController.m in Sources */,
				B6391B7A1A544C9C00B2DB46 /* AppDelegate.m in Sources */,
				B6391B771A544C9C00B2DB46 /* main.m in Sources */,
			);
			runOnlyForDeploymentPostprocessing = 0;
		};
		B6391B861A544C9C00B2DB46 /* Sources */ = {
			isa = PBXSourcesBuildPhase;
			buildActionMask = 2147483647;
			files = (
				B6391B911A544C9C00B2DB46 /* arcgis_ios_runtime_api_testTests.m in Sources */,
			);
			runOnlyForDeploymentPostprocessing = 0;
		};
/* End PBXSourcesBuildPhase section */

/* Begin PBXTargetDependency section */
		B6391B8C1A544C9C00B2DB46 /* PBXTargetDependency */ = {
			isa = PBXTargetDependency;
			target = B6391B701A544C9C00B2DB46 /* arcgis-ios-runtime-api-test */;
			targetProxy = B6391B8B1A544C9C00B2DB46 /* PBXContainerItemProxy */;
		};
/* End PBXTargetDependency section */

/* Begin PBXVariantGroup section */
		B6391B7E1A544C9C00B2DB46 /* Main.storyboard */ = {
			isa = PBXVariantGroup;
			children = (
				B6391B7F1A544C9C00B2DB46 /* Base */,
			);
			name = Main.storyboard;
			sourceTree = "<group>";
		};
		B6391B831A544C9C00B2DB46 /* LaunchScreen.xib */ = {
			isa = PBXVariantGroup;
			children = (
				B6391B841A544C9C00B2DB46 /* Base */,
			);
			name = LaunchScreen.xib;
			sourceTree = "<group>";
		};
/* End PBXVariantGroup section */

/* Begin XCBuildConfiguration section */
		B6391B921A544C9C00B2DB46 /* Debug */ = {
			isa = XCBuildConfiguration;
			buildSettings = {
				ALWAYS_SEARCH_USER_PATHS = NO;
				CLANG_CXX_LANGUAGE_STANDARD = "gnu++0x";
				CLANG_CXX_LIBRARY = "libc++";
				CLANG_ENABLE_MODULES = YES;
				CLANG_ENABLE_OBJC_ARC = YES;
				CLANG_WARN_BOOL_CONVERSION = YES;
				CLANG_WARN_CONSTANT_CONVERSION = YES;
				CLANG_WARN_DIRECT_OBJC_ISA_USAGE = YES_ERROR;
				CLANG_WARN_EMPTY_BODY = YES;
				CLANG_WARN_ENUM_CONVERSION = YES;
				CLANG_WARN_INT_CONVERSION = YES;
				CLANG_WARN_OBJC_ROOT_CLASS = YES_ERROR;
				CLANG_WARN_UNREACHABLE_CODE = YES;
				CLANG_WARN__DUPLICATE_METHOD_MATCH = YES;
				"CODE_SIGN_IDENTITY[sdk=iphoneos*]" = "iPhone Developer";
				COPY_PHASE_STRIP = NO;
				ENABLE_STRICT_OBJC_MSGSEND = YES;
				GCC_C_LANGUAGE_STANDARD = gnu99;
				GCC_DYNAMIC_NO_PIC = NO;
				GCC_OPTIMIZATION_LEVEL = 0;
				GCC_PREPROCESSOR_DEFINITIONS = (
					"DEBUG=1",
					"$(inherited)",
				);
				GCC_SYMBOLS_PRIVATE_EXTERN = NO;
				GCC_WARN_64_TO_32_BIT_CONVERSION = YES;
				GCC_WARN_ABOUT_RETURN_TYPE = YES_ERROR;
				GCC_WARN_UNDECLARED_SELECTOR = YES;
				GCC_WARN_UNINITIALIZED_AUTOS = YES_AGGRESSIVE;
				GCC_WARN_UNUSED_FUNCTION = YES;
				GCC_WARN_UNUSED_VARIABLE = YES;
				IPHONEOS_DEPLOYMENT_TARGET = 8.1;
				MTL_ENABLE_DEBUG_INFO = YES;
				ONLY_ACTIVE_ARCH = YES;
				SDKROOT = iphoneos;
			};
			name = Debug;
		};
		B6391B931A544C9C00B2DB46 /* Release */ = {
			isa = XCBuildConfiguration;
			buildSettings = {
				ALWAYS_SEARCH_USER_PATHS = NO;
				CLANG_CXX_LANGUAGE_STANDARD = "gnu++0x";
				CLANG_CXX_LIBRARY = "libc++";
				CLANG_ENABLE_MODULES = YES;
				CLANG_ENABLE_OBJC_ARC = YES;
				CLANG_WARN_BOOL_CONVERSION = YES;
				CLANG_WARN_CONSTANT_CONVERSION = YES;
				CLANG_WARN_DIRECT_OBJC_ISA_USAGE = YES_ERROR;
				CLANG_WARN_EMPTY_BODY = YES;
				CLANG_WARN_ENUM_CONVERSION = YES;
				CLANG_WARN_INT_CONVERSION = YES;
				CLANG_WARN_OBJC_ROOT_CLASS = YES_ERROR;
				CLANG_WARN_UNREACHABLE_CODE = YES;
				CLANG_WARN__DUPLICATE_METHOD_MATCH = YES;
				"CODE_SIGN_IDENTITY[sdk=iphoneos*]" = "iPhone Developer";
				COPY_PHASE_STRIP = YES;
				ENABLE_NS_ASSERTIONS = NO;
				ENABLE_STRICT_OBJC_MSGSEND = YES;
				GCC_C_LANGUAGE_STANDARD = gnu99;
				GCC_WARN_64_TO_32_BIT_CONVERSION = YES;
				GCC_WARN_ABOUT_RETURN_TYPE = YES_ERROR;
				GCC_WARN_UNDECLARED_SELECTOR = YES;
				GCC_WARN_UNINITIALIZED_AUTOS = YES_AGGRESSIVE;
				GCC_WARN_UNUSED_FUNCTION = YES;
				GCC_WARN_UNUSED_VARIABLE = YES;
				IPHONEOS_DEPLOYMENT_TARGET = 8.1;
				MTL_ENABLE_DEBUG_INFO = NO;
				SDKROOT = iphoneos;
				VALIDATE_PRODUCT = YES;
			};
			name = Release;
		};
		B6391B951A544C9C00B2DB46 /* Debug */ = {
			isa = XCBuildConfiguration;
			buildSettings = {
				ASSETCATALOG_COMPILER_APPICON_NAME = AppIcon;
				FRAMEWORK_SEARCH_PATHS = "$(HOME)/Library/SDKs/ArcGIS/iOS/";
				INFOPLIST_FILE = "arcgis-ios-runtime-api-test/Info.plist";
				LD_RUNPATH_SEARCH_PATHS = "$(inherited) @executable_path/Frameworks";
				OTHER_LDFLAGS = (
					"-objC",
					"-framework",
					ArcGIS,
					"-l",
					"c++",
				);
				PRODUCT_NAME = "$(TARGET_NAME)";
			};
			name = Debug;
		};
		B6391B961A544C9C00B2DB46 /* Release */ = {
			isa = XCBuildConfiguration;
			buildSettings = {
				ASSETCATALOG_COMPILER_APPICON_NAME = AppIcon;
				FRAMEWORK_SEARCH_PATHS = "$(HOME)/Library/SDKs/ArcGIS/iOS/";
				INFOPLIST_FILE = "arcgis-ios-runtime-api-test/Info.plist";
				LD_RUNPATH_SEARCH_PATHS = "$(inherited) @executable_path/Frameworks";
				OTHER_LDFLAGS = (
					"-objC",
					"-framework",
					ArcGIS,
					"-l",
					"c++",
				);
				PRODUCT_NAME = "$(TARGET_NAME)";
			};
			name = Release;
		};
		B6391B981A544C9C00B2DB46 /* Debug */ = {
			isa = XCBuildConfiguration;
			buildSettings = {
				BUNDLE_LOADER = "$(TEST_HOST)";
				FRAMEWORK_SEARCH_PATHS = (
					"$(SDKROOT)/Developer/Library/Frameworks",
					"$(inherited)",
				);
				GCC_PREPROCESSOR_DEFINITIONS = (
					"DEBUG=1",
					"$(inherited)",
				);
				INFOPLIST_FILE = "arcgis-ios-runtime-api-testTests/Info.plist";
				LD_RUNPATH_SEARCH_PATHS = "$(inherited) @executable_path/Frameworks @loader_path/Frameworks";
				PRODUCT_NAME = "$(TARGET_NAME)";
				TEST_HOST = "$(BUILT_PRODUCTS_DIR)/arcgis-ios-runtime-api-test.app/arcgis-ios-runtime-api-test";
			};
			name = Debug;
		};
		B6391B991A544C9C00B2DB46 /* Release */ = {
			isa = XCBuildConfiguration;
			buildSettings = {
				BUNDLE_LOADER = "$(TEST_HOST)";
				FRAMEWORK_SEARCH_PATHS = (
					"$(SDKROOT)/Developer/Library/Frameworks",
					"$(inherited)",
				);
				INFOPLIST_FILE = "arcgis-ios-runtime-api-testTests/Info.plist";
				LD_RUNPATH_SEARCH_PATHS = "$(inherited) @executable_path/Frameworks @loader_path/Frameworks";
				PRODUCT_NAME = "$(TARGET_NAME)";
				TEST_HOST = "$(BUILT_PRODUCTS_DIR)/arcgis-ios-runtime-api-test.app/arcgis-ios-runtime-api-test";
			};
			name = Release;
		};
/* End XCBuildConfiguration section */

/* Begin XCConfigurationList section */
		B6391B6C1A544C9B00B2DB46 /* Build configuration list for PBXProject "arcgis-ios-runtime-api-test" */ = {
			isa = XCConfigurationList;
			buildConfigurations = (
				B6391B921A544C9C00B2DB46 /* Debug */,
				B6391B931A544C9C00B2DB46 /* Release */,
			);
			defaultConfigurationIsVisible = 0;
			defaultConfigurationName = Release;
		};
		B6391B941A544C9C00B2DB46 /* Build configuration list for PBXNativeTarget "arcgis-ios-runtime-api-test" */ = {
			isa = XCConfigurationList;
			buildConfigurations = (
				B6391B951A544C9C00B2DB46 /* Debug */,
				B6391B961A544C9C00B2DB46 /* Release */,
			);
			defaultConfigurationIsVisible = 0;
		};
		B6391B971A544C9C00B2DB46 /* Build configuration list for PBXNativeTarget "arcgis-ios-runtime-api-testTests" */ = {
			isa = XCConfigurationList;
			buildConfigurations = (
				B6391B981A544C9C00B2DB46 /* Debug */,
				B6391B991A544C9C00B2DB46 /* Release */,
			);
			defaultConfigurationIsVisible = 0;
		};
/* End XCConfigurationList section */
	};
	rootObject = B6391B691A544C9B00B2DB46 /* Project object */;
}
